// !$*UTF8*$!
{
	archiveVersion = 1;
	classes = {
	};
	objectVersion = 46;
	objects = {

/* Begin PBXBuildFile section */
		8F83F9081E94E3B0008FF46C /* main.m in Sources */ = {isa = PBXBuildFile; fileRef = 8F83F9071E94E3B0008FF46C /* main.m */; };
		8F83F90B1E94E3B0008FF46C /* AppDelegate.m in Sources */ = {isa = PBXBuildFile; fileRef = 8F83F90A1E94E3B0008FF46C /* AppDelegate.m */; };
		8F83F90E1E94E3B0008FF46C /* ViewController.m in Sources */ = {isa = PBXBuildFile; fileRef = 8F83F90D1E94E3B0008FF46C /* ViewController.m */; };
		8F83F9111E94E3B0008FF46C /* Main.storyboard in Resources */ = {isa = PBXBuildFile; fileRef = 8F83F90F1E94E3B0008FF46C /* Main.storyboard */; };
		8F83F9131E94E3B0008FF46C /* Assets.xcassets in Resources */ = {isa = PBXBuildFile; fileRef = 8F83F9121E94E3B0008FF46C /* Assets.xcassets */; };
		8F83F9161E94E3B0008FF46C /* LaunchScreen.storyboard in Resources */ = {isa = PBXBuildFile; fileRef = 8F83F9141E94E3B0008FF46C /* LaunchScreen.storyboard */; };
		8F83F9211E94E3B0008FF46C /* ThreeTreeTable__foldingTests.m in Sources */ = {isa = PBXBuildFile; fileRef = 8F83F9201E94E3B0008FF46C /* ThreeTreeTable__foldingTests.m */; };
		8F83F92C1E94E3B0008FF46C /* ThreeTreeTable__foldingUITests.m in Sources */ = {isa = PBXBuildFile; fileRef = 8F83F92B1E94E3B0008FF46C /* ThreeTreeTable__foldingUITests.m */; };
/* End PBXBuildFile section */

/* Begin PBXContainerItemProxy section */
		8F83F91D1E94E3B0008FF46C /* PBXContainerItemProxy */ = {
			isa = PBXContainerItemProxy;
			containerPortal = 8F83F8FB1E94E3B0008FF46C /* Project object */;
			proxyType = 1;
			remoteGlobalIDString = 8F83F9021E94E3B0008FF46C;
			remoteInfo = "ThreeTreeTable--folding";
		};
		8F83F9281E94E3B0008FF46C /* PBXContainerItemProxy */ = {
			isa = PBXContainerItemProxy;
			containerPortal = 8F83F8FB1E94E3B0008FF46C /* Project object */;
			proxyType = 1;
			remoteGlobalIDString = 8F83F9021E94E3B0008FF46C;
			remoteInfo = "ThreeTreeTable--folding";
		};
/* End PBXContainerItemProxy section */

/* Begin PBXFileReference section */
		8F83F9031E94E3B0008FF46C /* ThreeTreeTable--folding.app */ = {isa = PBXFileReference; explicitFileType = wrapper.application; includeInIndex = 0; path = "ThreeTreeTable--folding.app"; sourceTree = BUILT_PRODUCTS_DIR; };
		8F83F9071E94E3B0008FF46C /* main.m */ = {isa = PBXFileReference; lastKnownFileType = sourcecode.c.objc; path = main.m; sourceTree = "<group>"; };
		8F83F9091E94E3B0008FF46C /* AppDelegate.h */ = {isa = PBXFileReference; lastKnownFileType = sourcecode.c.h; path = AppDelegate.h; sourceTree = "<group>"; };
		8F83F90A1E94E3B0008FF46C /* AppDelegate.m */ = {isa = PBXFileReference; lastKnownFileType = sourcecode.c.objc; path = AppDelegate.m; sourceTree = "<group>"; };
		8F83F90C1E94E3B0008FF46C /* ViewController.h */ = {isa = PBXFileReference; lastKnownFileType = sourcecode.c.h; path = ViewController.h; sourceTree = "<group>"; };
		8F83F90D1E94E3B0008FF46C /* ViewController.m */ = {isa = PBXFileReference; lastKnownFileType = sourcecode.c.objc; path = ViewController.m; sourceTree = "<group>"; };
		8F83F9101E94E3B0008FF46C /* Base */ = {isa = PBXFileReference; lastKnownFileType = file.storyboard; name = Base; path = Base.lproj/Main.storyboard; sourceTree = "<group>"; };
		8F83F9121E94E3B0008FF46C /* Assets.xcassets */ = {isa = PBXFileReference; lastKnownFileType = folder.assetcatalog; path = Assets.xcassets; sourceTree = "<group>"; };
		8F83F9151E94E3B0008FF46C /* Base */ = {isa = PBXFileReference; lastKnownFileType = file.storyboard; name = Base; path = Base.lproj/LaunchScreen.storyboard; sourceTree = "<group>"; };
		8F83F9171E94E3B0008FF46C /* Info.plist */ = {isa = PBXFileReference; lastKnownFileType = text.plist.xml; path = Info.plist; sourceTree = "<group>"; };
		8F83F91C1E94E3B0008FF46C /* ThreeTreeTable--foldingTests.xctest */ = {isa = PBXFileReference; explicitFileType = wrapper.cfbundle; includeInIndex = 0; path = "ThreeTreeTable--foldingTests.xctest"; sourceTree = BUILT_PRODUCTS_DIR; };
		8F83F9201E94E3B0008FF46C /* ThreeTreeTable__foldingTests.m */ = {isa = PBXFileReference; lastKnownFileType = sourcecode.c.objc; path = ThreeTreeTable__foldingTests.m; sourceTree = "<group>"; };
		8F83F9221E94E3B0008FF46C /* Info.plist */ = {isa = PBXFileReference; lastKnownFileType = text.plist.xml; path = Info.plist; sourceTree = "<group>"; };
		8F83F9271E94E3B0008FF46C /* ThreeTreeTable--foldingUITests.xctest */ = {isa = PBXFileReference; explicitFileType = wrapper.cfbundle; includeInIndex = 0; path = "ThreeTreeTable--foldingUITests.xctest"; sourceTree = BUILT_PRODUCTS_DIR; };
		8F83F92B1E94E3B0008FF46C /* ThreeTreeTable__foldingUITests.m */ = {isa = PBXFileReference; lastKnownFileType = sourcecode.c.objc; path = ThreeTreeTable__foldingUITests.m; sourceTree = "<group>"; };
		8F83F92D1E94E3B0008FF46C /* Info.plist */ = {isa = PBXFileReference; lastKnownFileType = text.plist.xml; path = Info.plist; sourceTree = "<group>"; };
/* End PBXFileReference section */

/* Begin PBXFrameworksBuildPhase section */
		8F83F9001E94E3B0008FF46C /* Frameworks */ = {
			isa = PBXFrameworksBuildPhase;
			buildActionMask = 2147483647;
			files = (
			);
			runOnlyForDeploymentPostprocessing = 0;
		};
		8F83F9191E94E3B0008FF46C /* Frameworks */ = {
			isa = PBXFrameworksBuildPhase;
			buildActionMask = 2147483647;
			files = (
			);
			runOnlyForDeploymentPostprocessing = 0;
		};
		8F83F9241E94E3B0008FF46C /* Frameworks */ = {
			isa = PBXFrameworksBuildPhase;
			buildActionMask = 2147483647;
			files = (
			);
			runOnlyForDeploymentPostprocessing = 0;
		};
/* End PBXFrameworksBuildPhase section */

/* Begin PBXGroup section */
		8F83F8FA1E94E3B0008FF46C = {
			isa = PBXGroup;
			children = (
				8F83F9051E94E3B0008FF46C /* ThreeTreeTable--folding */,
				8F83F91F1E94E3B0008FF46C /* ThreeTreeTable--foldingTests */,
				8F83F92A1E94E3B0008FF46C /* ThreeTreeTable--foldingUITests */,
				8F83F9041E94E3B0008FF46C /* Products */,
			);
			sourceTree = "<group>";
		};
		8F83F9041E94E3B0008FF46C /* Products */ = {
			isa = PBXGroup;
			children = (
				8F83F9031E94E3B0008FF46C /* ThreeTreeTable--folding.app */,
				8F83F91C1E94E3B0008FF46C /* ThreeTreeTable--foldingTests.xctest */,
				8F83F9271E94E3B0008FF46C /* ThreeTreeTable--foldingUITests.xctest */,
			);
			name = Products;
			sourceTree = "<group>";
		};
		8F83F9051E94E3B0008FF46C /* ThreeTreeTable--folding */ = {
			isa = PBXGroup;
			children = (
				8F83F9091E94E3B0008FF46C /* AppDelegate.h */,
				8F83F90A1E94E3B0008FF46C /* AppDelegate.m */,
				8F83F90C1E94E3B0008FF46C /* ViewController.h */,
				8F83F90D1E94E3B0008FF46C /* ViewController.m */,
				8F83F90F1E94E3B0008FF46C /* Main.storyboard */,
				8F83F9121E94E3B0008FF46C /* Assets.xcassets */,
				8F83F9141E94E3B0008FF46C /* LaunchScreen.storyboard */,
				8F83F9171E94E3B0008FF46C /* Info.plist */,
				8F83F9061E94E3B0008FF46C /* Supporting Files */,
			);
			path = "ThreeTreeTable--folding";
			sourceTree = "<group>";
		};
		8F83F9061E94E3B0008FF46C /* Supporting Files */ = {
			isa = PBXGroup;
			children = (
				8F83F9071E94E3B0008FF46C /* main.m */,
			);
			name = "Supporting Files";
			sourceTree = "<group>";
		};
		8F83F91F1E94E3B0008FF46C /* ThreeTreeTable--foldingTests */ = {
			isa = PBXGroup;
			children = (
				8F83F9201E94E3B0008FF46C /* ThreeTreeTable__foldingTests.m */,
				8F83F9221E94E3B0008FF46C /* Info.plist */,
			);
			path = "ThreeTreeTable--foldingTests";
			sourceTree = "<group>";
		};
		8F83F92A1E94E3B0008FF46C /* ThreeTreeTable--foldingUITests */ = {
			isa = PBXGroup;
			children = (
				8F83F92B1E94E3B0008FF46C /* ThreeTreeTable__foldingUITests.m */,
				8F83F92D1E94E3B0008FF46C /* Info.plist */,
			);
			path = "ThreeTreeTable--foldingUITests";
			sourceTree = "<group>";
		};
/* End PBXGroup section */

/* Begin PBXNativeTarget section */
		8F83F9021E94E3B0008FF46C /* ThreeTreeTable--folding */ = {
			isa = PBXNativeTarget;
			buildConfigurationList = 8F83F9301E94E3B0008FF46C /* Build configuration list for PBXNativeTarget "ThreeTreeTable--folding" */;
			buildPhases = (
				8F83F8FF1E94E3B0008FF46C /* Sources */,
				8F83F9001E94E3B0008FF46C /* Frameworks */,
				8F83F9011E94E3B0008FF46C /* Resources */,
			);
			buildRules = (
			);
			dependencies = (
			);
			name = "ThreeTreeTable--folding";
			productName = "ThreeTreeTable--folding";
			productReference = 8F83F9031E94E3B0008FF46C /* ThreeTreeTable--folding.app */;
			productType = "com.apple.product-type.application";
		};
		8F83F91B1E94E3B0008FF46C /* ThreeTreeTable--foldingTests */ = {
			isa = PBXNativeTarget;
			buildConfigurationList = 8F83F9331E94E3B0008FF46C /* Build configuration list for PBXNativeTarget "ThreeTreeTable--foldingTests" */;
			buildPhases = (
				8F83F9181E94E3B0008FF46C /* Sources */,
				8F83F9191E94E3B0008FF46C /* Frameworks */,
				8F83F91A1E94E3B0008FF46C /* Resources */,
			);
			buildRules = (
			);
			dependencies = (
				8F83F91E1E94E3B0008FF46C /* PBXTargetDependency */,
			);
			name = "ThreeTreeTable--foldingTests";
			productName = "ThreeTreeTable--foldingTests";
			productReference = 8F83F91C1E94E3B0008FF46C /* ThreeTreeTable--foldingTests.xctest */;
			productType = "com.apple.product-type.bundle.unit-test";
		};
		8F83F9261E94E3B0008FF46C /* ThreeTreeTable--foldingUITests */ = {
			isa = PBXNativeTarget;
			buildConfigurationList = 8F83F9361E94E3B0008FF46C /* Build configuration list for PBXNativeTarget "ThreeTreeTable--foldingUITests" */;
			buildPhases = (
				8F83F9231E94E3B0008FF46C /* Sources */,
				8F83F9241E94E3B0008FF46C /* Frameworks */,
				8F83F9251E94E3B0008FF46C /* Resources */,
			);
			buildRules = (
			);
			dependencies = (
				8F83F9291E94E3B0008FF46C /* PBXTargetDependency */,
			);
			name = "ThreeTreeTable--foldingUITests";
			productName = "ThreeTreeTable--foldingUITests";
			productReference = 8F83F9271E94E3B0008FF46C /* ThreeTreeTable--foldingUITests.xctest */;
			productType = "com.apple.product-type.bundle.ui-testing";
		};
/* End PBXNativeTarget section */

/* Begin PBXProject section */
		8F83F8FB1E94E3B0008FF46C /* Project object */ = {
			isa = PBXProject;
			attributes = {
				LastUpgradeCheck = 0830;
				ORGANIZATIONNAME = xiangronghua;
				TargetAttributes = {
					8F83F9021E94E3B0008FF46C = {
						CreatedOnToolsVersion = 8.3;
						ProvisioningStyle = Automatic;
					};
					8F83F91B1E94E3B0008FF46C = {
						CreatedOnToolsVersion = 8.3;
						ProvisioningStyle = Automatic;
						TestTargetID = 8F83F9021E94E3B0008FF46C;
					};
					8F83F9261E94E3B0008FF46C = {
						CreatedOnToolsVersion = 8.3;
						ProvisioningStyle = Automatic;
						TestTargetID = 8F83F9021E94E3B0008FF46C;
					};
				};
			};
			buildConfigurationList = 8F83F8FE1E94E3B0008FF46C /* Build configuration list for PBXProject "ThreeTreeTable--folding" */;
			compatibilityVersion = "Xcode 3.2";
			developmentRegion = English;
			hasScannedForEncodings = 0;
			knownRegions = (
				en,
				Base,
			);
			mainGroup = 8F83F8FA1E94E3B0008FF46C;
			productRefGroup = 8F83F9041E94E3B0008FF46C /* Products */;
			projectDirPath = "";
			projectRoot = "";
			targets = (
				8F83F9021E94E3B0008FF46C /* ThreeTreeTable--folding */,
				8F83F91B1E94E3B0008FF46C /* ThreeTreeTable--foldingTests */,
				8F83F9261E94E3B0008FF46C /* ThreeTreeTable--foldingUITests */,
			);
		};
/* End PBXProject section */

/* Begin PBXResourcesBuildPhase section */
		8F83F9011E94E3B0008FF46C /* Resources */ = {
			isa = PBXResourcesBuildPhase;
			buildActionMask = 2147483647;
			files = (
				8F83F9161E94E3B0008FF46C /* LaunchScreen.storyboard in Resources */,
				8F83F9131E94E3B0008FF46C /* Assets.xcassets in Resources */,
				8F83F9111E94E3B0008FF46C /* Main.storyboard in Resources */,
			);
			runOnlyForDeploymentPostprocessing = 0;
		};
		8F83F91A1E94E3B0008FF46C /* Resources */ = {
			isa = PBXResourcesBuildPhase;
			buildActionMask = 2147483647;
			files = (
			);
			runOnlyForDeploymentPostprocessing = 0;
		};
		8F83F9251E94E3B0008FF46C /* Resources */ = {
			isa = PBXResourcesBuildPhase;
			buildActionMask = 2147483647;
			files = (
			);
			runOnlyForDeploymentPostprocessing = 0;
		};
/* End PBXResourcesBuildPhase section */

/* Begin PBXSourcesBuildPhase section */
		8F83F8FF1E94E3B0008FF46C /* Sources */ = {
			isa = PBXSourcesBuildPhase;
			buildActionMask = 2147483647;
			files = (
				8F83F90E1E94E3B0008FF46C /* ViewController.m in Sources */,
				8F83F90B1E94E3B0008FF46C /* AppDelegate.m in Sources */,
				8F83F9081E94E3B0008FF46C /* main.m in Sources */,
			);
			runOnlyForDeploymentPostprocessing = 0;
		};
		8F83F9181E94E3B0008FF46C /* Sources */ = {
			isa = PBXSourcesBuildPhase;
			buildActionMask = 2147483647;
			files = (
				8F83F9211E94E3B0008FF46C /* ThreeTreeTable__foldingTests.m in Sources */,
			);
			runOnlyForDeploymentPostprocessing = 0;
		};
		8F83F9231E94E3B0008FF46C /* Sources */ = {
			isa = PBXSourcesBuildPhase;
			buildActionMask = 2147483647;
			files = (
				8F83F92C1E94E3B0008FF46C /* ThreeTreeTable__foldingUITests.m in Sources */,
			);
			runOnlyForDeploymentPostprocessing = 0;
		};
/* End PBXSourcesBuildPhase section */

/* Begin PBXTargetDependency section */
		8F83F91E1E94E3B0008FF46C /* PBXTargetDependency */ = {
			isa = PBXTargetDependency;
			target = 8F83F9021E94E3B0008FF46C /* ThreeTreeTable--folding */;
			targetProxy = 8F83F91D1E94E3B0008FF46C /* PBXContainerItemProxy */;
		};
		8F83F9291E94E3B0008FF46C /* PBXTargetDependency */ = {
			isa = PBXTargetDependency;
			target = 8F83F9021E94E3B0008FF46C /* ThreeTreeTable--folding */;
			targetProxy = 8F83F9281E94E3B0008FF46C /* PBXContainerItemProxy */;
		};
/* End PBXTargetDependency section */

/* Begin PBXVariantGroup section */
		8F83F90F1E94E3B0008FF46C /* Main.storyboard */ = {
			isa = PBXVariantGroup;
			children = (
				8F83F9101E94E3B0008FF46C /* Base */,
			);
			name = Main.storyboard;
			sourceTree = "<group>";
		};
		8F83F9141E94E3B0008FF46C /* LaunchScreen.storyboard */ = {
			isa = PBXVariantGroup;
			children = (
				8F83F9151E94E3B0008FF46C /* Base */,
			);
			name = LaunchScreen.storyboard;
			sourceTree = "<group>";
		};
/* End PBXVariantGroup section */

/* Begin XCBuildConfiguration section */
		8F83F92E1E94E3B0008FF46C /* Debug */ = {
			isa = XCBuildConfiguration;
			buildSettings = {
				ALWAYS_SEARCH_USER_PATHS = NO;
				CLANG_ANALYZER_NONNULL = YES;
				CLANG_ANALYZER_NUMBER_OBJECT_CONVERSION = YES_AGGRESSIVE;
				CLANG_CXX_LANGUAGE_STANDARD = "gnu++0x";
				CLANG_CXX_LIBRARY = "libc++";
				CLANG_ENABLE_MODULES = YES;
				CLANG_ENABLE_OBJC_ARC = YES;
				CLANG_WARN_BOOL_CONVERSION = YES;
				CLANG_WARN_CONSTANT_CONVERSION = YES;
				CLANG_WARN_DIRECT_OBJC_ISA_USAGE = YES_ERROR;
				CLANG_WARN_DOCUMENTATION_COMMENTS = YES;
				CLANG_WARN_EMPTY_BODY = YES;
				CLANG_WARN_ENUM_CONVERSION = YES;
				CLANG_WARN_INFINITE_RECURSION = YES;
				CLANG_WARN_INT_CONVERSION = YES;
				CLANG_WARN_OBJC_ROOT_CLASS = YES_ERROR;
				CLANG_WARN_SUSPICIOUS_MOVE = YES;
				CLANG_WARN_UNREACHABLE_CODE = YES;
				CLANG_WARN__DUPLICATE_METHOD_MATCH = YES;
				"CODE_SIGN_IDENTITY[sdk=iphoneos*]" = "iPhone Developer";
				COPY_PHASE_STRIP = NO;
				DEBUG_INFORMATION_FORMAT = dwarf;
				ENABLE_STRICT_OBJC_MSGSEND = YES;
				ENABLE_TESTABILITY = YES;
				GCC_C_LANGUAGE_STANDARD = gnu99;
				GCC_DYNAMIC_NO_PIC = NO;
				GCC_NO_COMMON_BLOCKS = YES;
				GCC_OPTIMIZATION_LEVEL = 0;
				GCC_PREPROCESSOR_DEFINITIONS = (
					"DEBUG=1",
					"$(inherited)",
				);
				GCC_WARN_64_TO_32_BIT_CONVERSION = YES;
				GCC_WARN_ABOUT_RETURN_TYPE = YES_ERROR;
				GCC_WARN_UNDECLARED_SELECTOR = YES;
				GCC_WARN_UNINITIALIZED_AUTOS = YES_AGGRESSIVE;
				GCC_WARN_UNUSED_FUNCTION = YES;
				GCC_WARN_UNUSED_VARIABLE = YES;
				IPHONEOS_DEPLOYMENT_TARGET = 10.3;
				MTL_ENABLE_DEBUG_INFO = YES;
				ONLY_ACTIVE_ARCH = YES;
				SDKROOT = iphoneos;
				TARGETED_DEVICE_FAMILY = "1,2";
			};
			name = Debug;
		};
		8F83F92F1E94E3B0008FF46C /* Release */ = {
			isa = XCBuildConfiguration;
			buildSettings = {
				ALWAYS_SEARCH_USER_PATHS = NO;
				CLANG_ANALYZER_NONNULL = YES;
				CLANG_ANALYZER_NUMBER_OBJECT_CONVERSION = YES_AGGRESSIVE;
				CLANG_CXX_LANGUAGE_STANDARD = "gnu++0x";
				CLANG_CXX_LIBRARY = "libc++";
				CLANG_ENABLE_MODULES = YES;
				CLANG_ENABLE_OBJC_ARC = YES;
				CLANG_WARN_BOOL_CONVERSION = YES;
				CLANG_WARN_CONSTANT_CONVERSION = YES;
				CLANG_WARN_DIRECT_OBJC_ISA_USAGE = YES_ERROR;
				CLANG_WARN_DOCUMENTATION_COMMENTS = YES;
				CLANG_WARN_EMPTY_BODY = YES;
				CLANG_WARN_ENUM_CONVERSION = YES;
				CLANG_WARN_INFINITE_RECURSION = YES;
				CLANG_WARN_INT_CONVERSION = YES;
				CLANG_WARN_OBJC_ROOT_CLASS = YES_ERROR;
				CLANG_WARN_SUSPICIOUS_MOVE = YES;
				CLANG_WARN_UNREACHABLE_CODE = YES;
				CLANG_WARN__DUPLICATE_METHOD_MATCH = YES;
				"CODE_SIGN_IDENTITY[sdk=iphoneos*]" = "iPhone Developer";
				COPY_PHASE_STRIP = NO;
				DEBUG_INFORMATION_FORMAT = "dwarf-with-dsym";
				ENABLE_NS_ASSERTIONS = NO;
				ENABLE_STRICT_OBJC_MSGSEND = YES;
				GCC_C_LANGUAGE_STANDARD = gnu99;
				GCC_NO_COMMON_BLOCKS = YES;
				GCC_WARN_64_TO_32_BIT_CONVERSION = YES;
				GCC_WARN_ABOUT_RETURN_TYPE = YES_ERROR;
				GCC_WARN_UNDECLARED_SELECTOR = YES;
				GCC_WARN_UNINITIALIZED_AUTOS = YES_AGGRESSIVE;
				GCC_WARN_UNUSED_FUNCTION = YES;
				GCC_WARN_UNUSED_VARIABLE = YES;
				IPHONEOS_DEPLOYMENT_TARGET = 10.3;
				MTL_ENABLE_DEBUG_INFO = NO;
				SDKROOT = iphoneos;
				TARGETED_DEVICE_FAMILY = "1,2";
				VALIDATE_PRODUCT = YES;
			};
			name = Release;
		};
		8F83F9311E94E3B0008FF46C /* Debug */ = {
			isa = XCBuildConfiguration;
			buildSettings = {
				ASSETCATALOG_COMPILER_APPICON_NAME = AppIcon;
				INFOPLIST_FILE = "ThreeTreeTable--folding/Info.plist";
				LD_RUNPATH_SEARCH_PATHS = "$(inherited) @executable_path/Frameworks";
				PRODUCT_BUNDLE_IDENTIFIER = "XRH.ThreeTreeTable--folding";
				PRODUCT_NAME = "$(TARGET_NAME)";
			};
			name = Debug;
		};
		8F83F9321E94E3B0008FF46C /* Release */ = {
			isa = XCBuildConfiguration;
			buildSettings = {
				ASSETCATALOG_COMPILER_APPICON_NAME = AppIcon;
				INFOPLIST_FILE = "ThreeTreeTable--folding/Info.plist";
				LD_RUNPATH_SEARCH_PATHS = "$(inherited) @executable_path/Frameworks";
				PRODUCT_BUNDLE_IDENTIFIER = "XRH.ThreeTreeTable--folding";
				PRODUCT_NAME = "$(TARGET_NAME)";
			};
			name = Release;
		};
		8F83F9341E94E3B0008FF46C /* Debug */ = {
			isa = XCBuildConfiguration;
			buildSettings = {
				BUNDLE_LOADER = "$(TEST_HOST)";
				INFOPLIST_FILE = "ThreeTreeTable--foldingTests/Info.plist";
				LD_RUNPATH_SEARCH_PATHS = "$(inherited) @executable_path/Frameworks @loader_path/Frameworks";
				PRODUCT_BUNDLE_IDENTIFIER = "XRH.ThreeTreeTable--foldingTests";
				PRODUCT_NAME = "$(TARGET_NAME)";
				TEST_HOST = "$(BUILT_PRODUCTS_DIR)/ThreeTreeTable--folding.app/ThreeTreeTable--folding";
			};
			name = Debug;
		};
		8F83F9351E94E3B0008FF46C /* Release */ = {
			isa = XCBuildConfiguration;
			buildSettings = {
				BUNDLE_LOADER = "$(TEST_HOST)";
				INFOPLIST_FILE = "ThreeTreeTable--foldingTests/Info.plist";
				LD_RUNPATH_SEARCH_PATHS = "$(inherited) @executable_path/Frameworks @loader_path/Frameworks";
				PRODUCT_BUNDLE_IDENTIFIER = "XRH.ThreeTreeTable--foldingTests";
				PRODUCT_NAME = "$(TARGET_NAME)";
				TEST_HOST = "$(BUILT_PRODUCTS_DIR)/ThreeTreeTable--folding.app/ThreeTreeTable--folding";
			};
			name = Release;
		};
		8F83F9371E94E3B0008FF46C /* Debug */ = {
			isa = XCBuildConfiguration;
			buildSettings = {
				INFOPLIST_FILE = "ThreeTreeTable--foldingUITests/Info.plist";
				LD_RUNPATH_SEARCH_PATHS = "$(inherited) @executable_path/Frameworks @loader_path/Frameworks";
				PRODUCT_BUNDLE_IDENTIFIER = "XRH.ThreeTreeTable--foldingUITests";
				PRODUCT_NAME = "$(TARGET_NAME)";
				TEST_TARGET_NAME = "ThreeTreeTable--folding";
			};
			name = Debug;
		};
		8F83F9381E94E3B0008FF46C /* Release */ = {
			isa = XCBuildConfiguration;
			buildSettings = {
				INFOPLIST_FILE = "ThreeTreeTable--foldingUITests/Info.plist";
				LD_RUNPATH_SEARCH_PATHS = "$(inherited) @executable_path/Frameworks @loader_path/Frameworks";
				PRODUCT_BUNDLE_IDENTIFIER = "XRH.ThreeTreeTable--foldingUITests";
				PRODUCT_NAME = "$(TARGET_NAME)";
				TEST_TARGET_NAME = "ThreeTreeTable--folding";
			};
			name = Release;
		};
/* End XCBuildConfiguration section */

/* Begin XCConfigurationList section */
		8F83F8FE1E94E3B0008FF46C /* Build configuration list for PBXProject "ThreeTreeTable--folding" */ = {
			isa = XCConfigurationList;
			buildConfigurations = (
				8F83F92E1E94E3B0008FF46C /* Debug */,
				8F83F92F1E94E3B0008FF46C /* Release */,
			);
			defaultConfigurationIsVisible = 0;
			defaultConfigurationName = Release;
		};
		8F83F9301E94E3B0008FF46C /* Build configuration list for PBXNativeTarget "ThreeTreeTable--folding" */ = {
			isa = XCConfigurationList;
			buildConfigurations = (
				8F83F9311E94E3B0008FF46C /* Debug */,
				8F83F9321E94E3B0008FF46C /* Release */,
			);
			defaultConfigurationIsVisible = 0;
		};
		8F83F9331E94E3B0008FF46C /* Build configuration list for PBXNativeTarget "ThreeTreeTable--foldingTests" */ = {
			isa = XCConfigurationList;
			buildConfigurations = (
				8F83F9341E94E3B0008FF46C /* Debug */,
				8F83F9351E94E3B0008FF46C /* Release */,
			);
			defaultConfigurationIsVisible = 0;
		};
		8F83F9361E94E3B0008FF46C /* Build configuration list for PBXNativeTarget "ThreeTreeTable--foldingUITests" */ = {
			isa = XCConfigurationList;
			buildConfigurations = (
				8F83F9371E94E3B0008FF46C /* Debug */,
				8F83F9381E94E3B0008FF46C /* Release */,
			);
			defaultConfigurationIsVisible = 0;
		};
/* End XCConfigurationList section */
	};
	rootObject = 8F83F8FB1E94E3B0008FF46C /* Project object */;
}
